
Microsoft Visual Studio Solution File, Format Version 12.00
# Visual Studio Express 2012 for Web
Project("{FAE04EC0-301F-11D3-BF4B-00C04F79EFBC}") = "MvcSample", "MvcSample\MvcSample.csproj", "{64A9E582-9AC3-4515-A287-D2590B888953}"
EndProject
Global
	GlobalSection(SolutionConfigurationPlatforms) = preSolution
		Debug|Any CPU = Debug|Any CPU
		Release|Any CPU = Release|Any CPU
	EndGlobalSection
	GlobalSection(ProjectConfigurationPlatforms) = postSolution
		{64A9E582-9AC3-4515-A287-D2590B888953}.Debug|Any CPU.ActiveCfg = Debug|Any CPU
		{64A9E582-9AC3-4515-A287-D2590B888953}.Debug|Any CPU.Build.0 = Debug|Any CPU
		{64A9E582-9AC3-4515-A287-D2590B888953}.Release|Any CPU.ActiveCfg = Release|Any CPU
		{64A9E582-9AC3-4515-A287-D2590B888953}.Release|Any CPU.Build.0 = Release|Any CPU
	EndGlobalSection
	GlobalSection(SolutionProperties) = preSolution
		HideSolutionNode = FALSE
	EndGlobalSection
EndGlobal
